{
  "name": "patternmatching",
  "version": "1.0.0",
  "lockfileVersion": 2,
  "requires": true,
  "packages": {
    "": {
      "version": "1.0.0",
      "license": "ISC",
      "dependencies": {
        "alexmerced-patternmatcher": "^1.0.4"
      }
    },
    "node_modules/alexmerced-patternmatcher": {
      "version": "1.0.4",
      "resolved": "https://registry.npmjs.org/alexmerced-patternmatcher/-/alexmerced-patternmatcher-1.0.4.tgz",
      "integrity": "sha512-3H+HfabJ3frNECdrRu/Y3d3LXsfDOJjjo5h+mFJF4CSO1VjFFkUOdaTVelgjxWFn+rDU/6+tllFHBbog99GxeA=="
    }
  },
  "dependencies": {
    "alexmerced-patternmatcher": {
      "version": "1.0.4",
      "resolved": "https://registry.npmjs.org/alexmerced-patternmatcher/-/alexmerced-patternmatcher-1.0.4.tgz",
      "integrity": "sha512-3H+HfabJ3frNECdrRu/Y3d3LXsfDOJjjo5h+mFJF4CSO1VjFFkUOdaTVelgjxWFn+rDU/6+tllFHBbog99GxeA=="
    }
  }
}
