{
  "name": "sencillo",
  "version": "1.0.0",
  "lockfileVersion": 3,
  "requires": true,
  "packages": {
    "": {
      "name": "sencillo",
      "version": "1.0.0",
      "license": "ISC",
      "dependencies": {
        "sencillodb": "^0.1.0"
      }
    },
    "node_modules/sencillodb": {
      "version": "0.1.0",
      "resolved": "https://registry.npmjs.org/sencillodb/-/sencillodb-0.1.0.tgz",
      "integrity": "sha512-8tjnIlhO7t6eJEnZ8kqirH2OqSymvLVwx8M2Y8dVXhvSyUjvDEK7WsiqIk8yVT8JSyBO/CmwbBNN9EG6SuCVEw=="
    }
  }
}
