{
  "name": "practicie-rxjs",
  "version": "1.0.0",
  "lockfileVersion": 2,
  "requires": true,
  "packages": {
    "": {
      "name": "practicie-rxjs",
      "version": "1.0.0",
      "license": "ISC",
      "dependencies": {
        "rxjs": "^7.3.0"
      }
    },
    "node_modules/rxjs": {
      "version": "7.3.0",
      "resolved": "https://registry.npmjs.org/rxjs/-/rxjs-7.3.0.tgz",
      "integrity": "sha512-p2yuGIg9S1epc3vrjKf6iVb3RCaAYjYskkO+jHIaV0IjOPlJop4UnodOoFb2xeNwlguqLYvGw1b1McillYb5Gw==",
      "dependencies": {
        "tslib": "~2.1.0"
      }
    },
    "node_modules/tslib": {
      "version": "2.1.0",
      "resolved": "https://registry.npmjs.org/tslib/-/tslib-2.1.0.tgz",
      "integrity": "sha512-hcVC3wYEziELGGmEEXue7D75zbwIIVUMWAVbHItGPx0ziyXxrOMQx4rQEVEV45Ut/1IotuEvwqPopzIOkDMf0A=="
    }
  },
  "dependencies": {
    "rxjs": {
      "version": "7.3.0",
      "resolved": "https://registry.npmjs.org/rxjs/-/rxjs-7.3.0.tgz",
      "integrity": "sha512-p2yuGIg9S1epc3vrjKf6iVb3RCaAYjYskkO+jHIaV0IjOPlJop4UnodOoFb2xeNwlguqLYvGw1b1McillYb5Gw==",
      "requires": {
        "tslib": "~2.1.0"
      }
    },
    "tslib": {
      "version": "2.1.0",
      "resolved": "https://registry.npmjs.org/tslib/-/tslib-2.1.0.tgz",
      "integrity": "sha512-hcVC3wYEziELGGmEEXue7D75zbwIIVUMWAVbHItGPx0ziyXxrOMQx4rQEVEV45Ut/1IotuEvwqPopzIOkDMf0A=="
    }
  }
}
